
Microsoft Visual Studio Solution File, Format Version 12.00
# Visual Studio Version 17
VisualStudioVersion = 17.0.31903.59
MinimumVisualStudioVersion = 10.0.40219.1
Project("{FAE04EC0-301F-11D3-BF4B-00C04F79EFBC}") = "ProjectGlassRain.Data", "ProjectGlassRain.Data\ProjectGlassRain.Data.csproj", "{AFD261B3-7E59-4D0E-9DA3-F45591A8CCBF}"
EndProject
Project("{FAE04EC0-301F-11D3-BF4B-00C04F79EFBC}") = "ProjectGlassRain.Api", "ProjectGlassRain.Api\ProjectGlassRain.Api.csproj", "{E3CF599C-AB17-4F4E-AEA7-D0A0D0A379BF}"
EndProject
Project("{FAE04EC0-301F-11D3-BF4B-00C04F79EFBC}") = "ProjectGlassRain.Domain", "ProjectGlassRain.Domain\ProjectGlassRain.Domain.csproj", "{31BAC9D4-4DE1-4C8F-A7E5-E79FBA2DD492}"
EndProject
Global
	GlobalSection(SolutionConfigurationPlatforms) = preSolution
		Debug|Any CPU = Debug|Any CPU
		Debug|x64 = Debug|x64
		Debug|x86 = Debug|x86
		Release|Any CPU = Release|Any CPU
		Release|x64 = Release|x64
		Release|x86 = Release|x86
	EndGlobalSection
	GlobalSection(ProjectConfigurationPlatforms) = postSolution
		{AFD261B3-7E59-4D0E-9DA3-F45591A8CCBF}.Debug|Any CPU.ActiveCfg = Debug|Any CPU
		{AFD261B3-7E59-4D0E-9DA3-F45591A8CCBF}.Debug|Any CPU.Build.0 = Debug|Any CPU
		{AFD261B3-7E59-4D0E-9DA3-F45591A8CCBF}.Debug|x64.ActiveCfg = Debug|Any CPU
		{AFD261B3-7E59-4D0E-9DA3-F45591A8CCBF}.Debug|x64.Build.0 = Debug|Any CPU
		{AFD261B3-7E59-4D0E-9DA3-F45591A8CCBF}.Debug|x86.ActiveCfg = Debug|Any CPU
		{AFD261B3-7E59-4D0E-9DA3-F45591A8CCBF}.Debug|x86.Build.0 = Debug|Any CPU
		{AFD261B3-7E59-4D0E-9DA3-F45591A8CCBF}.Release|Any CPU.ActiveCfg = Release|Any CPU
		{AFD261B3-7E59-4D0E-9DA3-F45591A8CCBF}.Release|Any CPU.Build.0 = Release|Any CPU
		{AFD261B3-7E59-4D0E-9DA3-F45591A8CCBF}.Release|x64.ActiveCfg = Release|Any CPU
		{AFD261B3-7E59-4D0E-9DA3-F45591A8CCBF}.Release|x64.Build.0 = Release|Any CPU
		{AFD261B3-7E59-4D0E-9DA3-F45591A8CCBF}.Release|x86.ActiveCfg = Release|Any CPU
		{AFD261B3-7E59-4D0E-9DA3-F45591A8CCBF}.Release|x86.Build.0 = Release|Any CPU
		{E3CF599C-AB17-4F4E-AEA7-D0A0D0A379BF}.Debug|Any CPU.ActiveCfg = Debug|Any CPU
		{E3CF599C-AB17-4F4E-AEA7-D0A0D0A379BF}.Debug|Any CPU.Build.0 = Debug|Any CPU
		{E3CF599C-AB17-4F4E-AEA7-D0A0D0A379BF}.Debug|x64.ActiveCfg = Debug|Any CPU
		{E3CF599C-AB17-4F4E-AEA7-D0A0D0A379BF}.Debug|x64.Build.0 = Debug|Any CPU
		{E3CF599C-AB17-4F4E-AEA7-D0A0D0A379BF}.Debug|x86.ActiveCfg = Debug|Any CPU
		{E3CF599C-AB17-4F4E-AEA7-D0A0D0A379BF}.Debug|x86.Build.0 = Debug|Any CPU
		{E3CF599C-AB17-4F4E-AEA7-D0A0D0A379BF}.Release|Any CPU.ActiveCfg = Release|Any CPU
		{E3CF599C-AB17-4F4E-AEA7-D0A0D0A379BF}.Release|Any CPU.Build.0 = Release|Any CPU
		{E3CF599C-AB17-4F4E-AEA7-D0A0D0A379BF}.Release|x64.ActiveCfg = Release|Any CPU
		{E3CF599C-AB17-4F4E-AEA7-D0A0D0A379BF}.Release|x64.Build.0 = Release|Any CPU
		{E3CF599C-AB17-4F4E-AEA7-D0A0D0A379BF}.Release|x86.ActiveCfg = Release|Any CPU
		{E3CF599C-AB17-4F4E-AEA7-D0A0D0A379BF}.Release|x86.Build.0 = Release|Any CPU
		{31BAC9D4-4DE1-4C8F-A7E5-E79FBA2DD492}.Debug|Any CPU.ActiveCfg = Debug|Any CPU
		{31BAC9D4-4DE1-4C8F-A7E5-E79FBA2DD492}.Debug|Any CPU.Build.0 = Debug|Any CPU
		{31BAC9D4-4DE1-4C8F-A7E5-E79FBA2DD492}.Debug|x64.ActiveCfg = Debug|Any CPU
		{31BAC9D4-4DE1-4C8F-A7E5-E79FBA2DD492}.Debug|x64.Build.0 = Debug|Any CPU
		{31BAC9D4-4DE1-4C8F-A7E5-E79FBA2DD492}.Debug|x86.ActiveCfg = Debug|Any CPU
		{31BAC9D4-4DE1-4C8F-A7E5-E79FBA2DD492}.Debug|x86.Build.0 = Debug|Any CPU
		{31BAC9D4-4DE1-4C8F-A7E5-E79FBA2DD492}.Release|Any CPU.ActiveCfg = Release|Any CPU
		{31BAC9D4-4DE1-4C8F-A7E5-E79FBA2DD492}.Release|Any CPU.Build.0 = Release|Any CPU
		{31BAC9D4-4DE1-4C8F-A7E5-E79FBA2DD492}.Release|x64.ActiveCfg = Release|Any CPU
		{31BAC9D4-4DE1-4C8F-A7E5-E79FBA2DD492}.Release|x64.Build.0 = Release|Any CPU
		{31BAC9D4-4DE1-4C8F-A7E5-E79FBA2DD492}.Release|x86.ActiveCfg = Release|Any CPU
		{31BAC9D4-4DE1-4C8F-A7E5-E79FBA2DD492}.Release|x86.Build.0 = Release|Any CPU
	EndGlobalSection
	GlobalSection(SolutionProperties) = preSolution
		HideSolutionNode = FALSE
	EndGlobalSection
EndGlobal
