Microsoft Visual Studio Solution File, Format Version 12.00
# Visual Studio Version 17
VisualStudioVersion = 17.5.2.0
MinimumVisualStudioVersion = 10.0.40219.1
Project("{FAE04EC0-301F-11D3-BF4B-00C04F79EFBC}") = "ProjectGlassRain.Data", "ProjectGlassRain.Data.csproj", "{6BE32D50-06C5-513D-FCC3-9C4A3B2539A9}"
EndProject
Global
	GlobalSection(SolutionConfigurationPlatforms) = preSolution
		Debug|Any CPU = Debug|Any CPU
		Release|Any CPU = Release|Any CPU
	EndGlobalSection
	GlobalSection(ProjectConfigurationPlatforms) = postSolution
		{6BE32D50-06C5-513D-FCC3-9C4A3B2539A9}.Debug|Any CPU.ActiveCfg = Debug|Any CPU
		{6BE32D50-06C5-513D-FCC3-9C4A3B2539A9}.Debug|Any CPU.Build.0 = Debug|Any CPU
		{6BE32D50-06C5-513D-FCC3-9C4A3B2539A9}.Release|Any CPU.ActiveCfg = Release|Any CPU
		{6BE32D50-06C5-513D-FCC3-9C4A3B2539A9}.Release|Any CPU.Build.0 = Release|Any CPU
	EndGlobalSection
	GlobalSection(SolutionProperties) = preSolution
		HideSolutionNode = FALSE
	EndGlobalSection
	GlobalSection(ExtensibilityGlobals) = postSolution
		SolutionGuid = {9D846D45-9959-4FD2-8D84-ECBFF66D87A1}
	EndGlobalSection
EndGlobal
